
Microsoft Visual Studio Solution File, Format Version 12.00
# Visual Studio Version 17
VisualStudioVersion = 17.14.36603.0
MinimumVisualStudioVersion = 10.0.40219.1
Project("{FAE04EC0-301F-11D3-BF4B-00C04F79EFBC}") = "secondproject", "secondproject\secondproject.csproj", "{5F445968-EB76-46D5-AFD2-A1792F2FEE6F}"
EndProject
Project("{FAE04EC0-301F-11D3-BF4B-00C04F79EFBC}") = "8pr1", "8pr1\8pr1.csproj", "{8BA83F82-4862-45F5-8BF7-9B663A6C0A6A}"
EndProject
Project("{FAE04EC0-301F-11D3-BF4B-00C04F79EFBC}") = "8pr2", "8pr2\8pr2.csproj", "{4EF4E91B-83C8-4162-BD01-41620BA8758A}"
EndProject
Project("{FAE04EC0-301F-11D3-BF4B-00C04F79EFBC}") = "8pr3", "8pr3\8pr3.csproj", "{2E5C2231-771C-4738-9290-88B6A44250F7}"
EndProject
Project("{FAE04EC0-301F-11D3-BF4B-00C04F79EFBC}") = "8pr4", "8pr4\8pr4.csproj", "{6E8C3B06-C7FA-45E3-8BE2-818FA4F3F01C}"
EndProject
Project("{FAE04EC0-301F-11D3-BF4B-00C04F79EFBC}") = "8pr5", "8pr5\8pr5.csproj", "{A86E5054-FE6F-48B5-B076-991BDAFF38A9}"
EndProject
Project("{FAE04EC0-301F-11D3-BF4B-00C04F79EFBC}") = "temaa", "temaa\temaa.csproj", "{5F6ADB72-D7BA-435B-8501-6736A32E3146}"
EndProject
Project("{FAE04EC0-301F-11D3-BF4B-00C04F79EFBC}") = "9pr1", "9pr1\9pr1.csproj", "{038A13BD-F30B-40C0-8B03-F9B1B3629783}"
EndProject
Project("{FAE04EC0-301F-11D3-BF4B-00C04F79EFBC}") = "9pr2", "9pr2\9pr2.csproj", "{0FDE4F21-EB63-44E0-93E3-A6483EE8B068}"
EndProject
Project("{FAE04EC0-301F-11D3-BF4B-00C04F79EFBC}") = "9pr3", "9pr3\9pr3.csproj", "{6942E4CC-028A-498B-9782-A9017F1F4CB2}"
EndProject
Project("{FAE04EC0-301F-11D3-BF4B-00C04F79EFBC}") = "9pr4", "9pr4\9pr4.csproj", "{9AFCE277-3F25-4F8F-88C4-D3A45237AB0C}"
EndProject
Project("{FAE04EC0-301F-11D3-BF4B-00C04F79EFBC}") = "9pr5", "9pr5\9pr5.csproj", "{6CC84BE8-8C4F-43A0-A0CA-4388B83598E5}"
EndProject
Project("{FAE04EC0-301F-11D3-BF4B-00C04F79EFBC}") = "9pr6", "9pr6\9pr6.csproj", "{4F22E8DF-C0F1-4E72-A4A3-4D1ABE636160}"
EndProject
Project("{FAE04EC0-301F-11D3-BF4B-00C04F79EFBC}") = "9pr7", "9pr7\9pr7.csproj", "{FF48649B-5AD7-4D4E-8DA8-B110DE065F3B}"
EndProject
Project("{FAE04EC0-301F-11D3-BF4B-00C04F79EFBC}") = "9pr8", "9pr8\9pr8.csproj", "{9C8245F9-25D8-403C-9FBE-808681995FC2}"
EndProject
Project("{FAE04EC0-301F-11D3-BF4B-00C04F79EFBC}") = "9pr9", "9pr9\9pr9.csproj", "{70F88421-7B1C-4CA6-AF9B-43A674D8DE22}"
EndProject
Project("{FAE04EC0-301F-11D3-BF4B-00C04F79EFBC}") = "9pr10", "9pr10\9pr10.csproj", "{9B7D99B0-5537-4FDE-A470-95BF03196B3F}"
EndProject
Global
	GlobalSection(SolutionConfigurationPlatforms) = preSolution
		Debug|Any CPU = Debug|Any CPU
		Release|Any CPU = Release|Any CPU
	EndGlobalSection
	GlobalSection(ProjectConfigurationPlatforms) = postSolution
		{5F445968-EB76-46D5-AFD2-A1792F2FEE6F}.Debug|Any CPU.ActiveCfg = Debug|Any CPU
		{5F445968-EB76-46D5-AFD2-A1792F2FEE6F}.Debug|Any CPU.Build.0 = Debug|Any CPU
		{5F445968-EB76-46D5-AFD2-A1792F2FEE6F}.Release|Any CPU.ActiveCfg = Release|Any CPU
		{5F445968-EB76-46D5-AFD2-A1792F2FEE6F}.Release|Any CPU.Build.0 = Release|Any CPU
		{8BA83F82-4862-45F5-8BF7-9B663A6C0A6A}.Debug|Any CPU.ActiveCfg = Debug|Any CPU
		{8BA83F82-4862-45F5-8BF7-9B663A6C0A6A}.Debug|Any CPU.Build.0 = Debug|Any CPU
		{8BA83F82-4862-45F5-8BF7-9B663A6C0A6A}.Release|Any CPU.ActiveCfg = Release|Any CPU
		{8BA83F82-4862-45F5-8BF7-9B663A6C0A6A}.Release|Any CPU.Build.0 = Release|Any CPU
		{4EF4E91B-83C8-4162-BD01-41620BA8758A}.Debug|Any CPU.ActiveCfg = Debug|Any CPU
		{4EF4E91B-83C8-4162-BD01-41620BA8758A}.Debug|Any CPU.Build.0 = Debug|Any CPU
		{4EF4E91B-83C8-4162-BD01-41620BA8758A}.Release|Any CPU.ActiveCfg = Release|Any CPU
		{4EF4E91B-83C8-4162-BD01-41620BA8758A}.Release|Any CPU.Build.0 = Release|Any CPU
		{2E5C2231-771C-4738-9290-88B6A44250F7}.Debug|Any CPU.ActiveCfg = Debug|Any CPU
		{2E5C2231-771C-4738-9290-88B6A44250F7}.Debug|Any CPU.Build.0 = Debug|Any CPU
		{2E5C2231-771C-4738-9290-88B6A44250F7}.Release|Any CPU.ActiveCfg = Release|Any CPU
		{2E5C2231-771C-4738-9290-88B6A44250F7}.Release|Any CPU.Build.0 = Release|Any CPU
		{6E8C3B06-C7FA-45E3-8BE2-818FA4F3F01C}.Debug|Any CPU.ActiveCfg = Debug|Any CPU
		{6E8C3B06-C7FA-45E3-8BE2-818FA4F3F01C}.Debug|Any CPU.Build.0 = Debug|Any CPU
		{6E8C3B06-C7FA-45E3-8BE2-818FA4F3F01C}.Release|Any CPU.ActiveCfg = Release|Any CPU
		{6E8C3B06-C7FA-45E3-8BE2-818FA4F3F01C}.Release|Any CPU.Build.0 = Release|Any CPU
		{A86E5054-FE6F-48B5-B076-991BDAFF38A9}.Debug|Any CPU.ActiveCfg = Debug|Any CPU
		{A86E5054-FE6F-48B5-B076-991BDAFF38A9}.Debug|Any CPU.Build.0 = Debug|Any CPU
		{A86E5054-FE6F-48B5-B076-991BDAFF38A9}.Release|Any CPU.ActiveCfg = Release|Any CPU
		{A86E5054-FE6F-48B5-B076-991BDAFF38A9}.Release|Any CPU.Build.0 = Release|Any CPU
		{5F6ADB72-D7BA-435B-8501-6736A32E3146}.Debug|Any CPU.ActiveCfg = Debug|Any CPU
		{5F6ADB72-D7BA-435B-8501-6736A32E3146}.Debug|Any CPU.Build.0 = Debug|Any CPU
		{5F6ADB72-D7BA-435B-8501-6736A32E3146}.Release|Any CPU.ActiveCfg = Release|Any CPU
		{5F6ADB72-D7BA-435B-8501-6736A32E3146}.Release|Any CPU.Build.0 = Release|Any CPU
		{038A13BD-F30B-40C0-8B03-F9B1B3629783}.Debug|Any CPU.ActiveCfg = Debug|Any CPU
		{038A13BD-F30B-40C0-8B03-F9B1B3629783}.Debug|Any CPU.Build.0 = Debug|Any CPU
		{038A13BD-F30B-40C0-8B03-F9B1B3629783}.Release|Any CPU.ActiveCfg = Release|Any CPU
		{038A13BD-F30B-40C0-8B03-F9B1B3629783}.Release|Any CPU.Build.0 = Release|Any CPU
		{0FDE4F21-EB63-44E0-93E3-A6483EE8B068}.Debug|Any CPU.ActiveCfg = Debug|Any CPU
		{0FDE4F21-EB63-44E0-93E3-A6483EE8B068}.Debug|Any CPU.Build.0 = Debug|Any CPU
		{0FDE4F21-EB63-44E0-93E3-A6483EE8B068}.Release|Any CPU.ActiveCfg = Release|Any CPU
		{0FDE4F21-EB63-44E0-93E3-A6483EE8B068}.Release|Any CPU.Build.0 = Release|Any CPU
		{6942E4CC-028A-498B-9782-A9017F1F4CB2}.Debug|Any CPU.ActiveCfg = Debug|Any CPU
		{6942E4CC-028A-498B-9782-A9017F1F4CB2}.Debug|Any CPU.Build.0 = Debug|Any CPU
		{6942E4CC-028A-498B-9782-A9017F1F4CB2}.Release|Any CPU.ActiveCfg = Release|Any CPU
		{6942E4CC-028A-498B-9782-A9017F1F4CB2}.Release|Any CPU.Build.0 = Release|Any CPU
		{9AFCE277-3F25-4F8F-88C4-D3A45237AB0C}.Debug|Any CPU.ActiveCfg = Debug|Any CPU
		{9AFCE277-3F25-4F8F-88C4-D3A45237AB0C}.Debug|Any CPU.Build.0 = Debug|Any CPU
		{9AFCE277-3F25-4F8F-88C4-D3A45237AB0C}.Release|Any CPU.ActiveCfg = Release|Any CPU
		{9AFCE277-3F25-4F8F-88C4-D3A45237AB0C}.Release|Any CPU.Build.0 = Release|Any CPU
		{6CC84BE8-8C4F-43A0-A0CA-4388B83598E5}.Debug|Any CPU.ActiveCfg = Debug|Any CPU
		{6CC84BE8-8C4F-43A0-A0CA-4388B83598E5}.Debug|Any CPU.Build.0 = Debug|Any CPU
		{6CC84BE8-8C4F-43A0-A0CA-4388B83598E5}.Release|Any CPU.ActiveCfg = Release|Any CPU
		{6CC84BE8-8C4F-43A0-A0CA-4388B83598E5}.Release|Any CPU.Build.0 = Release|Any CPU
		{4F22E8DF-C0F1-4E72-A4A3-4D1ABE636160}.Debug|Any CPU.ActiveCfg = Debug|Any CPU
		{4F22E8DF-C0F1-4E72-A4A3-4D1ABE636160}.Debug|Any CPU.Build.0 = Debug|Any CPU
		{4F22E8DF-C0F1-4E72-A4A3-4D1ABE636160}.Release|Any CPU.ActiveCfg = Release|Any CPU
		{4F22E8DF-C0F1-4E72-A4A3-4D1ABE636160}.Release|Any CPU.Build.0 = Release|Any CPU
		{FF48649B-5AD7-4D4E-8DA8-B110DE065F3B}.Debug|Any CPU.ActiveCfg = Debug|Any CPU
		{FF48649B-5AD7-4D4E-8DA8-B110DE065F3B}.Debug|Any CPU.Build.0 = Debug|Any CPU
		{FF48649B-5AD7-4D4E-8DA8-B110DE065F3B}.Release|Any CPU.ActiveCfg = Release|Any CPU
		{FF48649B-5AD7-4D4E-8DA8-B110DE065F3B}.Release|Any CPU.Build.0 = Release|Any CPU
		{9C8245F9-25D8-403C-9FBE-808681995FC2}.Debug|Any CPU.ActiveCfg = Debug|Any CPU
		{9C8245F9-25D8-403C-9FBE-808681995FC2}.Debug|Any CPU.Build.0 = Debug|Any CPU
		{9C8245F9-25D8-403C-9FBE-808681995FC2}.Release|Any CPU.ActiveCfg = Release|Any CPU
		{9C8245F9-25D8-403C-9FBE-808681995FC2}.Release|Any CPU.Build.0 = Release|Any CPU
		{70F88421-7B1C-4CA6-AF9B-43A674D8DE22}.Debug|Any CPU.ActiveCfg = Debug|Any CPU
		{70F88421-7B1C-4CA6-AF9B-43A674D8DE22}.Debug|Any CPU.Build.0 = Debug|Any CPU
		{70F88421-7B1C-4CA6-AF9B-43A674D8DE22}.Release|Any CPU.ActiveCfg = Release|Any CPU
		{70F88421-7B1C-4CA6-AF9B-43A674D8DE22}.Release|Any CPU.Build.0 = Release|Any CPU
		{9B7D99B0-5537-4FDE-A470-95BF03196B3F}.Debug|Any CPU.ActiveCfg = Debug|Any CPU
		{9B7D99B0-5537-4FDE-A470-95BF03196B3F}.Debug|Any CPU.Build.0 = Debug|Any CPU
		{9B7D99B0-5537-4FDE-A470-95BF03196B3F}.Release|Any CPU.ActiveCfg = Release|Any CPU
		{9B7D99B0-5537-4FDE-A470-95BF03196B3F}.Release|Any CPU.Build.0 = Release|Any CPU
	EndGlobalSection
	GlobalSection(SolutionProperties) = preSolution
		HideSolutionNode = FALSE
	EndGlobalSection
	GlobalSection(ExtensibilityGlobals) = postSolution
		SolutionGuid = {83386849-C6E9-41DE-BF32-F2BD749F55D0}
	EndGlobalSection
EndGlobal
